
Microsoft Visual Studio Solution File, Format Version 12.00
# Visual Studio Version 17
VisualStudioVersion = 17.14.36301.6 d17.14
MinimumVisualStudioVersion = 10.0.40219.1
Project("{FAE04EC0-301F-11D3-BF4B-00C04F79EFBC}") = "MonoGame Topic 3 - Loops Lists and Inputs", "MonoGame Topic 3 - Loops Lists and Inputs.csproj", "{CF72FCDF-D083-4D9C-B257-B6BEF72FDD65}"
EndProject
Global
	GlobalSection(SolutionConfigurationPlatforms) = preSolution
		Debug|Any CPU = Debug|Any CPU
		Release|Any CPU = Release|Any CPU
	EndGlobalSection
	GlobalSection(ProjectConfigurationPlatforms) = postSolution
		{CF72FCDF-D083-4D9C-B257-B6BEF72FDD65}.Debug|Any CPU.ActiveCfg = Debug|Any CPU
		{CF72FCDF-D083-4D9C-B257-B6BEF72FDD65}.Debug|Any CPU.Build.0 = Debug|Any CPU
		{CF72FCDF-D083-4D9C-B257-B6BEF72FDD65}.Release|Any CPU.ActiveCfg = Release|Any CPU
		{CF72FCDF-D083-4D9C-B257-B6BEF72FDD65}.Release|Any CPU.Build.0 = Release|Any CPU
	EndGlobalSection
	GlobalSection(SolutionProperties) = preSolution
		HideSolutionNode = FALSE
	EndGlobalSection
	GlobalSection(ExtensibilityGlobals) = postSolution
		SolutionGuid = {37429A14-4CC0-4B8E-89AF-C24284330070}
	EndGlobalSection
EndGlobal
